Microsoft Visual Studio Solution File, Format Version 8.00
Project("{8BC9CEB8-8B4A-11D0-8D11-00A0C91BC942}") = "TLSClient", "TLSClient\TLSClient.vcproj", "{4D663D7E-0CD8-4275-9B0B-468E2D0130BD}"
	ProjectSection(ProjectDependencies) = postProject
		{E8C16930-C71B-41FE-8BD0-BBABFE7F6695} = {E8C16930-C71B-41FE-8BD0-BBABFE7F6695}
	EndProjectSection
EndProject
Project("{8BC9CEB8-8B4A-11D0-8D11-00A0C91BC942}") = "TLSServer", "TLSServer\TLSServer.vcproj", "{081AF317-9B5C-4901-B1A6-49F7869ACCFD}"
	ProjectSection(ProjectDependencies) = postProject
		{E8C16930-C71B-41FE-8BD0-BBABFE7F6695} = {E8C16930-C71B-41FE-8BD0-BBABFE7F6695}
	EndProjectSection
EndProject
Project("{8BC9CEB8-8B4A-11D0-8D11-00A0C91BC942}") = "gmSessionKeyManagerLib", "gmSessionKeyManagerLib\gmSessionKeyManagerLib.vcproj", "{41F2904D-72DB-42FB-A58A-BCB2F29A3B9C}"
	ProjectSection(ProjectDependencies) = postProject
	EndProjectSection
EndProject
Project("{8BC9CEB8-8B4A-11D0-8D11-00A0C91BC942}") = "gmTCPLib", "gmTCPLib\gmTCPLib.vcproj", "{E8C16930-C71B-41FE-8BD0-BBABFE7F6695}"
	ProjectSection(ProjectDependencies) = postProject
	EndProjectSection
EndProject
Project("{8BC9CEB8-8B4A-11D0-8D11-00A0C91BC942}") = "gmWinIocpC", "gmWinIocpC\gmWinIocpC.vcproj", "{87FDFB8A-4846-45A2-962E-8D4452C7F132}"
	ProjectSection(ProjectDependencies) = postProject
		{E8C16930-C71B-41FE-8BD0-BBABFE7F6695} = {E8C16930-C71B-41FE-8BD0-BBABFE7F6695}
	EndProjectSection
EndProject
Project("{8BC9CEB8-8B4A-11D0-8D11-00A0C91BC942}") = "gmWinIocpS", "gmWinIocpS\gmWinIocpS.vcproj", "{23DDB23F-0CE0-44DC-8D5D-CE40B9D62344}"
	ProjectSection(ProjectDependencies) = postProject
		{E8C16930-C71B-41FE-8BD0-BBABFE7F6695} = {E8C16930-C71B-41FE-8BD0-BBABFE7F6695}
	EndProjectSection
EndProject
Project("{8BC9CEB8-8B4A-11D0-8D11-00A0C91BC942}") = "gmCommonLib", "gmCommonLib\gmCommonLib.vcproj", "{BE15E627-0DAF-420E-AB05-61B9720850FC}"
	ProjectSection(ProjectDependencies) = postProject
	EndProjectSection
EndProject
Global
	GlobalSection(SolutionConfiguration) = preSolution
		ClientEventDebug = ClientEventDebug
		ClientEventRelease = ClientEventRelease
		ClientIOCPDebug = ClientIOCPDebug
		ClientIOCPMessageIOCPDebug = ClientIOCPMessageIOCPDebug
		ClientIOCPMessageIOCPTLSDebug = ClientIOCPMessageIOCPTLSDebug
		ClientIOCPMessageIOCPTLSRelease = ClientIOCPMessageIOCPTLSRelease
		ClientIOCPMessageIOCPTLSUnicodeRelease = ClientIOCPMessageIOCPTLSUnicodeRelease
		ClientIOCPRelease = ClientIOCPRelease
		ClientIOCPUnicodeDebug = ClientIOCPUnicodeDebug
		ClientMessageIOCPCryptDebug = ClientMessageIOCPCryptDebug
		Debug = Debug
		Release = Release
		ServerIOCPDebug = ServerIOCPDebug
		ServerIOCPMessageIOCPDebug = ServerIOCPMessageIOCPDebug
		ServerIOCPMessageIOCPTLSDebug = ServerIOCPMessageIOCPTLSDebug
		ServerIOCPMessageIOCPTLSRelease = ServerIOCPMessageIOCPTLSRelease
		ServerIOCPMessageIOCPTLSUnicodeRelease = ServerIOCPMessageIOCPTLSUnicodeRelease
		ServerIOCPRelease = ServerIOCPRelease
		ServerIOCPUnicodeDebug = ServerIOCPUnicodeDebug
		ServerMessageIOCPCryptDebug = ServerMessageIOCPCryptDebug
		UnicodeRelease = UnicodeRelease
	EndGlobalSection
	GlobalSection(ProjectConfiguration) = postSolution
		{4D663D7E-0CD8-4275-9B0B-468E2D0130BD}.ClientEventDebug.ActiveCfg = ClientEventDebug|Win32
		{4D663D7E-0CD8-4275-9B0B-468E2D0130BD}.ClientEventDebug.Build.0 = ClientEventDebug|Win32
		{4D663D7E-0CD8-4275-9B0B-468E2D0130BD}.ClientEventRelease.ActiveCfg = ClientEventRelease|Win32
		{4D663D7E-0CD8-4275-9B0B-468E2D0130BD}.ClientEventRelease.Build.0 = ClientEventRelease|Win32
		{4D663D7E-0CD8-4275-9B0B-468E2D0130BD}.ClientIOCPDebug.ActiveCfg = ClientIOCPDebug|Win32
		{4D663D7E-0CD8-4275-9B0B-468E2D0130BD}.ClientIOCPDebug.Build.0 = ClientIOCPDebug|Win32
		{4D663D7E-0CD8-4275-9B0B-468E2D0130BD}.ClientIOCPMessageIOCPDebug.ActiveCfg = ClientIOCPMessageIOCPDebug|Win32
		{4D663D7E-0CD8-4275-9B0B-468E2D0130BD}.ClientIOCPMessageIOCPDebug.Build.0 = ClientIOCPMessageIOCPDebug|Win32
		{4D663D7E-0CD8-4275-9B0B-468E2D0130BD}.ClientIOCPMessageIOCPTLSDebug.ActiveCfg = ClientIOCPMessageIOCPTLSDebug|Win32
		{4D663D7E-0CD8-4275-9B0B-468E2D0130BD}.ClientIOCPMessageIOCPTLSDebug.Build.0 = ClientIOCPMessageIOCPTLSDebug|Win32
		{4D663D7E-0CD8-4275-9B0B-468E2D0130BD}.ClientIOCPMessageIOCPTLSRelease.ActiveCfg = ClientIOCPMessageIOCPTLSRelease|Win32
		{4D663D7E-0CD8-4275-9B0B-468E2D0130BD}.ClientIOCPMessageIOCPTLSRelease.Build.0 = ClientIOCPMessageIOCPTLSRelease|Win32
		{4D663D7E-0CD8-4275-9B0B-468E2D0130BD}.ClientIOCPMessageIOCPTLSUnicodeRelease.ActiveCfg = ClientIOCPMessageIOCPTLSUnicodeRelease|Win32
		{4D663D7E-0CD8-4275-9B0B-468E2D0130BD}.ClientIOCPMessageIOCPTLSUnicodeRelease.Build.0 = ClientIOCPMessageIOCPTLSUnicodeRelease|Win32
		{4D663D7E-0CD8-4275-9B0B-468E2D0130BD}.ClientIOCPRelease.ActiveCfg = ClientIOCPRelease|Win32
		{4D663D7E-0CD8-4275-9B0B-468E2D0130BD}.ClientIOCPRelease.Build.0 = ClientIOCPRelease|Win32
		{4D663D7E-0CD8-4275-9B0B-468E2D0130BD}.ClientIOCPUnicodeDebug.ActiveCfg = ClientIOCPDebug|Win32
		{4D663D7E-0CD8-4275-9B0B-468E2D0130BD}.ClientIOCPUnicodeDebug.Build.0 = ClientIOCPDebug|Win32
		{4D663D7E-0CD8-4275-9B0B-468E2D0130BD}.ClientMessageIOCPCryptDebug.ActiveCfg = ClientIOCPDebug|Win32
		{4D663D7E-0CD8-4275-9B0B-468E2D0130BD}.ClientMessageIOCPCryptDebug.Build.0 = ClientIOCPDebug|Win32
		{4D663D7E-0CD8-4275-9B0B-468E2D0130BD}.Debug.ActiveCfg = ClientIOCPDebug|Win32
		{4D663D7E-0CD8-4275-9B0B-468E2D0130BD}.Debug.Build.0 = ClientIOCPDebug|Win32
		{4D663D7E-0CD8-4275-9B0B-468E2D0130BD}.Release.ActiveCfg = ClientIOCPMessageIOCPTLSRelease|Win32
		{4D663D7E-0CD8-4275-9B0B-468E2D0130BD}.Release.Build.0 = ClientIOCPMessageIOCPTLSRelease|Win32
		{4D663D7E-0CD8-4275-9B0B-468E2D0130BD}.ServerIOCPDebug.ActiveCfg = ClientIOCPDebug|Win32
		{4D663D7E-0CD8-4275-9B0B-468E2D0130BD}.ServerIOCPDebug.Build.0 = ClientIOCPDebug|Win32
		{4D663D7E-0CD8-4275-9B0B-468E2D0130BD}.ServerIOCPMessageIOCPDebug.ActiveCfg = ClientIOCPDebug|Win32
		{4D663D7E-0CD8-4275-9B0B-468E2D0130BD}.ServerIOCPMessageIOCPDebug.Build.0 = ClientIOCPDebug|Win32
		{4D663D7E-0CD8-4275-9B0B-468E2D0130BD}.ServerIOCPMessageIOCPTLSDebug.ActiveCfg = ClientIOCPDebug|Win32
		{4D663D7E-0CD8-4275-9B0B-468E2D0130BD}.ServerIOCPMessageIOCPTLSDebug.Build.0 = ClientIOCPDebug|Win32
		{4D663D7E-0CD8-4275-9B0B-468E2D0130BD}.ServerIOCPMessageIOCPTLSRelease.ActiveCfg = ClientIOCPDebug|Win32
		{4D663D7E-0CD8-4275-9B0B-468E2D0130BD}.ServerIOCPMessageIOCPTLSRelease.Build.0 = ClientIOCPDebug|Win32
		{4D663D7E-0CD8-4275-9B0B-468E2D0130BD}.ServerIOCPMessageIOCPTLSUnicodeRelease.ActiveCfg = ClientIOCPDebug|Win32
		{4D663D7E-0CD8-4275-9B0B-468E2D0130BD}.ServerIOCPMessageIOCPTLSUnicodeRelease.Build.0 = ClientIOCPDebug|Win32
		{4D663D7E-0CD8-4275-9B0B-468E2D0130BD}.ServerIOCPRelease.ActiveCfg = ClientIOCPDebug|Win32
		{4D663D7E-0CD8-4275-9B0B-468E2D0130BD}.ServerIOCPRelease.Build.0 = ClientIOCPDebug|Win32
		{4D663D7E-0CD8-4275-9B0B-468E2D0130BD}.ServerIOCPUnicodeDebug.ActiveCfg = ClientIOCPDebug|Win32
		{4D663D7E-0CD8-4275-9B0B-468E2D0130BD}.ServerIOCPUnicodeDebug.Build.0 = ClientIOCPDebug|Win32
		{4D663D7E-0CD8-4275-9B0B-468E2D0130BD}.ServerMessageIOCPCryptDebug.ActiveCfg = ClientIOCPDebug|Win32
		{4D663D7E-0CD8-4275-9B0B-468E2D0130BD}.ServerMessageIOCPCryptDebug.Build.0 = ClientIOCPDebug|Win32
		{4D663D7E-0CD8-4275-9B0B-468E2D0130BD}.UnicodeRelease.ActiveCfg = ClientIOCPMessageIOCPTLSUnicodeRelease|Win32
		{081AF317-9B5C-4901-B1A6-49F7869ACCFD}.ClientEventDebug.ActiveCfg = ServerIOCPMessageIOCPTLSUnicodeRelease|Win32
		{081AF317-9B5C-4901-B1A6-49F7869ACCFD}.ClientEventDebug.Build.0 = ServerIOCPMessageIOCPTLSUnicodeRelease|Win32
		{081AF317-9B5C-4901-B1A6-49F7869ACCFD}.ClientEventRelease.ActiveCfg = ServerIOCPMessageIOCPTLSUnicodeRelease|Win32
		{081AF317-9B5C-4901-B1A6-49F7869ACCFD}.ClientEventRelease.Build.0 = ServerIOCPMessageIOCPTLSUnicodeRelease|Win32
		{081AF317-9B5C-4901-B1A6-49F7869ACCFD}.ClientIOCPDebug.ActiveCfg = ServerIOCPMessageIOCPTLSUnicodeRelease|Win32
		{081AF317-9B5C-4901-B1A6-49F7869ACCFD}.ClientIOCPDebug.Build.0 = ServerIOCPMessageIOCPTLSUnicodeRelease|Win32
		{081AF317-9B5C-4901-B1A6-49F7869ACCFD}.ClientIOCPMessageIOCPDebug.ActiveCfg = ServerIOCPMessageIOCPTLSUnicodeRelease|Win32
		{081AF317-9B5C-4901-B1A6-49F7869ACCFD}.ClientIOCPMessageIOCPDebug.Build.0 = ServerIOCPMessageIOCPTLSUnicodeRelease|Win32
		{081AF317-9B5C-4901-B1A6-49F7869ACCFD}.ClientIOCPMessageIOCPTLSDebug.ActiveCfg = ServerIOCPMessageIOCPTLSUnicodeRelease|Win32
		{081AF317-9B5C-4901-B1A6-49F7869ACCFD}.ClientIOCPMessageIOCPTLSDebug.Build.0 = ServerIOCPMessageIOCPTLSUnicodeRelease|Win32
		{081AF317-9B5C-4901-B1A6-49F7869ACCFD}.ClientIOCPMessageIOCPTLSRelease.ActiveCfg = ServerIOCPMessageIOCPTLSUnicodeRelease|Win32
		{081AF317-9B5C-4901-B1A6-49F7869ACCFD}.ClientIOCPMessageIOCPTLSRelease.Build.0 = ServerIOCPMessageIOCPTLSUnicodeRelease|Win32
		{081AF317-9B5C-4901-B1A6-49F7869ACCFD}.ClientIOCPMessageIOCPTLSUnicodeRelease.ActiveCfg = ServerIOCPMessageIOCPTLSUnicodeRelease|Win32
		{081AF317-9B5C-4901-B1A6-49F7869ACCFD}.ClientIOCPMessageIOCPTLSUnicodeRelease.Build.0 = ServerIOCPMessageIOCPTLSUnicodeRelease|Win32
		{081AF317-9B5C-4901-B1A6-49F7869ACCFD}.ClientIOCPRelease.ActiveCfg = ServerIOCPMessageIOCPTLSUnicodeRelease|Win32
		{081AF317-9B5C-4901-B1A6-49F7869ACCFD}.ClientIOCPRelease.Build.0 = ServerIOCPMessageIOCPTLSUnicodeRelease|Win32
		{081AF317-9B5C-4901-B1A6-49F7869ACCFD}.ClientIOCPUnicodeDebug.ActiveCfg = ServerIOCPMessageIOCPTLSUnicodeRelease|Win32
		{081AF317-9B5C-4901-B1A6-49F7869ACCFD}.ClientIOCPUnicodeDebug.Build.0 = ServerIOCPMessageIOCPTLSUnicodeRelease|Win32
		{081AF317-9B5C-4901-B1A6-49F7869ACCFD}.ClientMessageIOCPCryptDebug.ActiveCfg = ServerIOCPMessageIOCPTLSUnicodeRelease|Win32
		{081AF317-9B5C-4901-B1A6-49F7869ACCFD}.ClientMessageIOCPCryptDebug.Build.0 = ServerIOCPMessageIOCPTLSUnicodeRelease|Win32
		{081AF317-9B5C-4901-B1A6-49F7869ACCFD}.Debug.ActiveCfg = ServerIOCPMessageIOCPTLSDebug|Win32
		{081AF317-9B5C-4901-B1A6-49F7869ACCFD}.Debug.Build.0 = ServerIOCPMessageIOCPTLSDebug|Win32
		{081AF317-9B5C-4901-B1A6-49F7869ACCFD}.Release.ActiveCfg = ServerIOCPMessageIOCPTLSUnicodeRelease|Win32
		{081AF317-9B5C-4901-B1A6-49F7869ACCFD}.Release.Build.0 = ServerIOCPMessageIOCPTLSUnicodeRelease|Win32
		{081AF317-9B5C-4901-B1A6-49F7869ACCFD}.ServerIOCPDebug.ActiveCfg = ServerIOCPDebug|Win32
		{081AF317-9B5C-4901-B1A6-49F7869ACCFD}.ServerIOCPDebug.Build.0 = ServerIOCPDebug|Win32
		{081AF317-9B5C-4901-B1A6-49F7869ACCFD}.ServerIOCPMessageIOCPDebug.ActiveCfg = ServerIOCPMessageIOCPDebug|Win32
		{081AF317-9B5C-4901-B1A6-49F7869ACCFD}.ServerIOCPMessageIOCPDebug.Build.0 = ServerIOCPMessageIOCPDebug|Win32
		{081AF317-9B5C-4901-B1A6-49F7869ACCFD}.ServerIOCPMessageIOCPTLSDebug.ActiveCfg = ServerIOCPMessageIOCPTLSDebug|Win32
		{081AF317-9B5C-4901-B1A6-49F7869ACCFD}.ServerIOCPMessageIOCPTLSDebug.Build.0 = ServerIOCPMessageIOCPTLSDebug|Win32
		{081AF317-9B5C-4901-B1A6-49F7869ACCFD}.ServerIOCPMessageIOCPTLSRelease.ActiveCfg = ServerIOCPMessageIOCPTLSRelease|Win32
		{081AF317-9B5C-4901-B1A6-49F7869ACCFD}.ServerIOCPMessageIOCPTLSRelease.Build.0 = ServerIOCPMessageIOCPTLSRelease|Win32
		{081AF317-9B5C-4901-B1A6-49F7869ACCFD}.ServerIOCPMessageIOCPTLSUnicodeRelease.ActiveCfg = ServerIOCPMessageIOCPTLSUnicodeRelease|Win32
		{081AF317-9B5C-4901-B1A6-49F7869ACCFD}.ServerIOCPMessageIOCPTLSUnicodeRelease.Build.0 = ServerIOCPMessageIOCPTLSUnicodeRelease|Win32
		{081AF317-9B5C-4901-B1A6-49F7869ACCFD}.ServerIOCPRelease.ActiveCfg = ServerIOCPRelease|Win32
		{081AF317-9B5C-4901-B1A6-49F7869ACCFD}.ServerIOCPRelease.Build.0 = ServerIOCPRelease|Win32
		{081AF317-9B5C-4901-B1A6-49F7869ACCFD}.ServerIOCPUnicodeDebug.ActiveCfg = ServerIOCPMessageIOCPTLSUnicodeRelease|Win32
		{081AF317-9B5C-4901-B1A6-49F7869ACCFD}.ServerIOCPUnicodeDebug.Build.0 = ServerIOCPMessageIOCPTLSUnicodeRelease|Win32
		{081AF317-9B5C-4901-B1A6-49F7869ACCFD}.ServerMessageIOCPCryptDebug.ActiveCfg = ServerIOCPMessageIOCPTLSUnicodeRelease|Win32
		{081AF317-9B5C-4901-B1A6-49F7869ACCFD}.ServerMessageIOCPCryptDebug.Build.0 = ServerIOCPMessageIOCPTLSUnicodeRelease|Win32
		{081AF317-9B5C-4901-B1A6-49F7869ACCFD}.UnicodeRelease.ActiveCfg = ServerIOCPMessageIOCPTLSUnicodeRelease|Win32
		{41F2904D-72DB-42FB-A58A-BCB2F29A3B9C}.ClientEventDebug.ActiveCfg = Debug|Win32
		{41F2904D-72DB-42FB-A58A-BCB2F29A3B9C}.ClientEventDebug.Build.0 = Debug|Win32
		{41F2904D-72DB-42FB-A58A-BCB2F29A3B9C}.ClientEventRelease.ActiveCfg = Release|Win32
		{41F2904D-72DB-42FB-A58A-BCB2F29A3B9C}.ClientEventRelease.Build.0 = Release|Win32
		{41F2904D-72DB-42FB-A58A-BCB2F29A3B9C}.ClientIOCPDebug.ActiveCfg = Debug|Win32
		{41F2904D-72DB-42FB-A58A-BCB2F29A3B9C}.ClientIOCPDebug.Build.0 = Debug|Win32
		{41F2904D-72DB-42FB-A58A-BCB2F29A3B9C}.ClientIOCPMessageIOCPDebug.ActiveCfg = Debug|Win32
		{41F2904D-72DB-42FB-A58A-BCB2F29A3B9C}.ClientIOCPMessageIOCPDebug.Build.0 = Debug|Win32
		{41F2904D-72DB-42FB-A58A-BCB2F29A3B9C}.ClientIOCPMessageIOCPTLSDebug.ActiveCfg = Debug|Win32
		{41F2904D-72DB-42FB-A58A-BCB2F29A3B9C}.ClientIOCPMessageIOCPTLSDebug.Build.0 = Debug|Win32
		{41F2904D-72DB-42FB-A58A-BCB2F29A3B9C}.ClientIOCPMessageIOCPTLSRelease.ActiveCfg = Release|Win32
		{41F2904D-72DB-42FB-A58A-BCB2F29A3B9C}.ClientIOCPMessageIOCPTLSRelease.Build.0 = Release|Win32
		{41F2904D-72DB-42FB-A58A-BCB2F29A3B9C}.ClientIOCPMessageIOCPTLSUnicodeRelease.ActiveCfg = UnicodeRelease|Win32
		{41F2904D-72DB-42FB-A58A-BCB2F29A3B9C}.ClientIOCPMessageIOCPTLSUnicodeRelease.Build.0 = UnicodeRelease|Win32
		{41F2904D-72DB-42FB-A58A-BCB2F29A3B9C}.ClientIOCPRelease.ActiveCfg = Release|Win32
		{41F2904D-72DB-42FB-A58A-BCB2F29A3B9C}.ClientIOCPRelease.Build.0 = Release|Win32
		{41F2904D-72DB-42FB-A58A-BCB2F29A3B9C}.ClientIOCPUnicodeDebug.ActiveCfg = Debug|Win32
		{41F2904D-72DB-42FB-A58A-BCB2F29A3B9C}.ClientIOCPUnicodeDebug.Build.0 = Debug|Win32
		{41F2904D-72DB-42FB-A58A-BCB2F29A3B9C}.ClientMessageIOCPCryptDebug.ActiveCfg = Debug|Win32
		{41F2904D-72DB-42FB-A58A-BCB2F29A3B9C}.ClientMessageIOCPCryptDebug.Build.0 = Debug|Win32
		{41F2904D-72DB-42FB-A58A-BCB2F29A3B9C}.Debug.ActiveCfg = Debug|Win32
		{41F2904D-72DB-42FB-A58A-BCB2F29A3B9C}.Debug.Build.0 = Debug|Win32
		{41F2904D-72DB-42FB-A58A-BCB2F29A3B9C}.Release.ActiveCfg = Release|Win32
		{41F2904D-72DB-42FB-A58A-BCB2F29A3B9C}.Release.Build.0 = Release|Win32
		{41F2904D-72DB-42FB-A58A-BCB2F29A3B9C}.ServerIOCPDebug.ActiveCfg = Debug|Win32
		{41F2904D-72DB-42FB-A58A-BCB2F29A3B9C}.ServerIOCPDebug.Build.0 = Debug|Win32
		{41F2904D-72DB-42FB-A58A-BCB2F29A3B9C}.ServerIOCPMessageIOCPDebug.ActiveCfg = Debug|Win32
		{41F2904D-72DB-42FB-A58A-BCB2F29A3B9C}.ServerIOCPMessageIOCPDebug.Build.0 = Debug|Win32
		{41F2904D-72DB-42FB-A58A-BCB2F29A3B9C}.ServerIOCPMessageIOCPTLSDebug.ActiveCfg = Debug|Win32
		{41F2904D-72DB-42FB-A58A-BCB2F29A3B9C}.ServerIOCPMessageIOCPTLSDebug.Build.0 = Debug|Win32
		{41F2904D-72DB-42FB-A58A-BCB2F29A3B9C}.ServerIOCPMessageIOCPTLSRelease.ActiveCfg = Release|Win32
		{41F2904D-72DB-42FB-A58A-BCB2F29A3B9C}.ServerIOCPMessageIOCPTLSRelease.Build.0 = Release|Win32
		{41F2904D-72DB-42FB-A58A-BCB2F29A3B9C}.ServerIOCPMessageIOCPTLSUnicodeRelease.ActiveCfg = UnicodeRelease|Win32
		{41F2904D-72DB-42FB-A58A-BCB2F29A3B9C}.ServerIOCPMessageIOCPTLSUnicodeRelease.Build.0 = UnicodeRelease|Win32
		{41F2904D-72DB-42FB-A58A-BCB2F29A3B9C}.ServerIOCPRelease.ActiveCfg = Release|Win32
		{41F2904D-72DB-42FB-A58A-BCB2F29A3B9C}.ServerIOCPRelease.Build.0 = Release|Win32
		{41F2904D-72DB-42FB-A58A-BCB2F29A3B9C}.ServerIOCPUnicodeDebug.ActiveCfg = Debug|Win32
		{41F2904D-72DB-42FB-A58A-BCB2F29A3B9C}.ServerIOCPUnicodeDebug.Build.0 = Debug|Win32
		{41F2904D-72DB-42FB-A58A-BCB2F29A3B9C}.ServerMessageIOCPCryptDebug.ActiveCfg = Debug|Win32
		{41F2904D-72DB-42FB-A58A-BCB2F29A3B9C}.ServerMessageIOCPCryptDebug.Build.0 = Debug|Win32
		{41F2904D-72DB-42FB-A58A-BCB2F29A3B9C}.UnicodeRelease.ActiveCfg = UnicodeRelease|Win32
		{41F2904D-72DB-42FB-A58A-BCB2F29A3B9C}.UnicodeRelease.Build.0 = UnicodeRelease|Win32
		{E8C16930-C71B-41FE-8BD0-BBABFE7F6695}.ClientEventDebug.ActiveCfg = ClientEventDebug|Win32
		{E8C16930-C71B-41FE-8BD0-BBABFE7F6695}.ClientEventDebug.Build.0 = ClientEventDebug|Win32
		{E8C16930-C71B-41FE-8BD0-BBABFE7F6695}.ClientEventRelease.ActiveCfg = ClientEventRelease|Win32
		{E8C16930-C71B-41FE-8BD0-BBABFE7F6695}.ClientEventRelease.Build.0 = ClientEventRelease|Win32
		{E8C16930-C71B-41FE-8BD0-BBABFE7F6695}.ClientIOCPDebug.ActiveCfg = ClientIOCPDebug|Win32
		{E8C16930-C71B-41FE-8BD0-BBABFE7F6695}.ClientIOCPDebug.Build.0 = ClientIOCPDebug|Win32
		{E8C16930-C71B-41FE-8BD0-BBABFE7F6695}.ClientIOCPMessageIOCPDebug.ActiveCfg = ClientIOCPMessageIOCPDebug|Win32
		{E8C16930-C71B-41FE-8BD0-BBABFE7F6695}.ClientIOCPMessageIOCPDebug.Build.0 = ClientIOCPMessageIOCPDebug|Win32
		{E8C16930-C71B-41FE-8BD0-BBABFE7F6695}.ClientIOCPMessageIOCPTLSDebug.ActiveCfg = ClientIOCPMessageIOCPTLSDebug|Win32
		{E8C16930-C71B-41FE-8BD0-BBABFE7F6695}.ClientIOCPMessageIOCPTLSDebug.Build.0 = ClientIOCPMessageIOCPTLSDebug|Win32
		{E8C16930-C71B-41FE-8BD0-BBABFE7F6695}.ClientIOCPMessageIOCPTLSRelease.ActiveCfg = ClientIOCPMessageIOCPTLSRelease|Win32
		{E8C16930-C71B-41FE-8BD0-BBABFE7F6695}.ClientIOCPMessageIOCPTLSRelease.Build.0 = ClientIOCPMessageIOCPTLSRelease|Win32
		{E8C16930-C71B-41FE-8BD0-BBABFE7F6695}.ClientIOCPMessageIOCPTLSUnicodeRelease.ActiveCfg = ClientIOCPMessageIOCPTLSUnicodeRelease|Win32
		{E8C16930-C71B-41FE-8BD0-BBABFE7F6695}.ClientIOCPMessageIOCPTLSUnicodeRelease.Build.0 = ClientIOCPMessageIOCPTLSUnicodeRelease|Win32
		{E8C16930-C71B-41FE-8BD0-BBABFE7F6695}.ClientIOCPRelease.ActiveCfg = ClientIOCPRelease|Win32
		{E8C16930-C71B-41FE-8BD0-BBABFE7F6695}.ClientIOCPRelease.Build.0 = ClientIOCPRelease|Win32
		{E8C16930-C71B-41FE-8BD0-BBABFE7F6695}.ClientIOCPUnicodeDebug.ActiveCfg = ClientIOCPUnicodeDebug|Win32
		{E8C16930-C71B-41FE-8BD0-BBABFE7F6695}.ClientIOCPUnicodeDebug.Build.0 = ClientIOCPUnicodeDebug|Win32
		{E8C16930-C71B-41FE-8BD0-BBABFE7F6695}.ClientMessageIOCPCryptDebug.ActiveCfg = ClientMessageIOCPCryptDebug|Win32
		{E8C16930-C71B-41FE-8BD0-BBABFE7F6695}.ClientMessageIOCPCryptDebug.Build.0 = ClientMessageIOCPCryptDebug|Win32
		{E8C16930-C71B-41FE-8BD0-BBABFE7F6695}.Debug.ActiveCfg = ServerIOCPMessageIOCPDebug|Win32
		{E8C16930-C71B-41FE-8BD0-BBABFE7F6695}.Debug.Build.0 = ServerIOCPMessageIOCPDebug|Win32
		{E8C16930-C71B-41FE-8BD0-BBABFE7F6695}.Release.ActiveCfg = ServerIOCPRelease|Win32
		{E8C16930-C71B-41FE-8BD0-BBABFE7F6695}.Release.Build.0 = ServerIOCPRelease|Win32
		{E8C16930-C71B-41FE-8BD0-BBABFE7F6695}.ServerIOCPDebug.ActiveCfg = ServerIOCPDebug|Win32
		{E8C16930-C71B-41FE-8BD0-BBABFE7F6695}.ServerIOCPDebug.Build.0 = ServerIOCPDebug|Win32
		{E8C16930-C71B-41FE-8BD0-BBABFE7F6695}.ServerIOCPMessageIOCPDebug.ActiveCfg = ServerIOCPMessageIOCPDebug|Win32
		{E8C16930-C71B-41FE-8BD0-BBABFE7F6695}.ServerIOCPMessageIOCPDebug.Build.0 = ServerIOCPMessageIOCPDebug|Win32
		{E8C16930-C71B-41FE-8BD0-BBABFE7F6695}.ServerIOCPMessageIOCPTLSDebug.ActiveCfg = ServerIOCPMessageIOCPTLSDebug|Win32
		{E8C16930-C71B-41FE-8BD0-BBABFE7F6695}.ServerIOCPMessageIOCPTLSDebug.Build.0 = ServerIOCPMessageIOCPTLSDebug|Win32
		{E8C16930-C71B-41FE-8BD0-BBABFE7F6695}.ServerIOCPMessageIOCPTLSRelease.ActiveCfg = ServerIOCPMessageIOCPTLSRelease|Win32
		{E8C16930-C71B-41FE-8BD0-BBABFE7F6695}.ServerIOCPMessageIOCPTLSRelease.Build.0 = ServerIOCPMessageIOCPTLSRelease|Win32
		{E8C16930-C71B-41FE-8BD0-BBABFE7F6695}.ServerIOCPMessageIOCPTLSUnicodeRelease.ActiveCfg = ServerIOCPMessageIOCPTLSUnicodeRelease|Win32
		{E8C16930-C71B-41FE-8BD0-BBABFE7F6695}.ServerIOCPMessageIOCPTLSUnicodeRelease.Build.0 = ServerIOCPMessageIOCPTLSUnicodeRelease|Win32
		{E8C16930-C71B-41FE-8BD0-BBABFE7F6695}.ServerIOCPRelease.ActiveCfg = ServerIOCPRelease|Win32
		{E8C16930-C71B-41FE-8BD0-BBABFE7F6695}.ServerIOCPRelease.Build.0 = ServerIOCPRelease|Win32
		{E8C16930-C71B-41FE-8BD0-BBABFE7F6695}.ServerIOCPUnicodeDebug.ActiveCfg = ServerIOCPUnicodeDebug|Win32
		{E8C16930-C71B-41FE-8BD0-BBABFE7F6695}.ServerIOCPUnicodeDebug.Build.0 = ServerIOCPUnicodeDebug|Win32
		{E8C16930-C71B-41FE-8BD0-BBABFE7F6695}.ServerMessageIOCPCryptDebug.ActiveCfg = ServerMessageIOCPCryptDebug|Win32
		{E8C16930-C71B-41FE-8BD0-BBABFE7F6695}.ServerMessageIOCPCryptDebug.Build.0 = ServerMessageIOCPCryptDebug|Win32
		{E8C16930-C71B-41FE-8BD0-BBABFE7F6695}.UnicodeRelease.ActiveCfg = ClientIOCPMessageIOCPTLSUnicodeRelease|Win32
		{87FDFB8A-4846-45A2-962E-8D4452C7F132}.ClientEventDebug.ActiveCfg = ClientEventDebug|Win32
		{87FDFB8A-4846-45A2-962E-8D4452C7F132}.ClientEventDebug.Build.0 = ClientEventDebug|Win32
		{87FDFB8A-4846-45A2-962E-8D4452C7F132}.ClientEventRelease.ActiveCfg = ClientEventRelease|Win32
		{87FDFB8A-4846-45A2-962E-8D4452C7F132}.ClientEventRelease.Build.0 = ClientEventRelease|Win32
		{87FDFB8A-4846-45A2-962E-8D4452C7F132}.ClientIOCPDebug.ActiveCfg = ClientIOCPDebug|Win32
		{87FDFB8A-4846-45A2-962E-8D4452C7F132}.ClientIOCPDebug.Build.0 = ClientIOCPDebug|Win32
		{87FDFB8A-4846-45A2-962E-8D4452C7F132}.ClientIOCPMessageIOCPDebug.ActiveCfg = ClientIOCPMessageIOCPDebug|Win32
		{87FDFB8A-4846-45A2-962E-8D4452C7F132}.ClientIOCPMessageIOCPDebug.Build.0 = ClientIOCPMessageIOCPDebug|Win32
		{87FDFB8A-4846-45A2-962E-8D4452C7F132}.ClientIOCPMessageIOCPTLSDebug.ActiveCfg = ClientIOCPMessageIOCPTLSDebug|Win32
		{87FDFB8A-4846-45A2-962E-8D4452C7F132}.ClientIOCPMessageIOCPTLSDebug.Build.0 = ClientIOCPMessageIOCPTLSDebug|Win32
		{87FDFB8A-4846-45A2-962E-8D4452C7F132}.ClientIOCPMessageIOCPTLSRelease.ActiveCfg = ClientIOCPMessageIOCPTLSRelease|Win32
		{87FDFB8A-4846-45A2-962E-8D4452C7F132}.ClientIOCPMessageIOCPTLSRelease.Build.0 = ClientIOCPMessageIOCPTLSRelease|Win32
		{87FDFB8A-4846-45A2-962E-8D4452C7F132}.ClientIOCPMessageIOCPTLSUnicodeRelease.ActiveCfg = ClientIOCPMessageIOCPTLSUnicodeRelease|Win32
		{87FDFB8A-4846-45A2-962E-8D4452C7F132}.ClientIOCPMessageIOCPTLSUnicodeRelease.Build.0 = ClientIOCPMessageIOCPTLSUnicodeRelease|Win32
		{87FDFB8A-4846-45A2-962E-8D4452C7F132}.ClientIOCPRelease.ActiveCfg = ClientIOCPRelease|Win32
		{87FDFB8A-4846-45A2-962E-8D4452C7F132}.ClientIOCPRelease.Build.0 = ClientIOCPRelease|Win32
		{87FDFB8A-4846-45A2-962E-8D4452C7F132}.ClientIOCPUnicodeDebug.ActiveCfg = ClientIOCPUnicodeDebug|Win32
		{87FDFB8A-4846-45A2-962E-8D4452C7F132}.ClientIOCPUnicodeDebug.Build.0 = ClientIOCPUnicodeDebug|Win32
		{87FDFB8A-4846-45A2-962E-8D4452C7F132}.ClientMessageIOCPCryptDebug.ActiveCfg = ClientMessageIOCPCryptDebug|Win32
		{87FDFB8A-4846-45A2-962E-8D4452C7F132}.ClientMessageIOCPCryptDebug.Build.0 = ClientMessageIOCPCryptDebug|Win32
		{87FDFB8A-4846-45A2-962E-8D4452C7F132}.Debug.ActiveCfg = ClientIOCPMessageIOCPTLSDebug|Win32
		{87FDFB8A-4846-45A2-962E-8D4452C7F132}.Debug.Build.0 = ClientIOCPMessageIOCPTLSDebug|Win32
		{87FDFB8A-4846-45A2-962E-8D4452C7F132}.Release.ActiveCfg = ClientIOCPMessageIOCPTLSUnicodeRelease|Win32
		{87FDFB8A-4846-45A2-962E-8D4452C7F132}.Release.Build.0 = ClientIOCPMessageIOCPTLSUnicodeRelease|Win32
		{87FDFB8A-4846-45A2-962E-8D4452C7F132}.ServerIOCPDebug.ActiveCfg = ClientIOCPMessageIOCPTLSUnicodeRelease|Win32
		{87FDFB8A-4846-45A2-962E-8D4452C7F132}.ServerIOCPDebug.Build.0 = ClientIOCPMessageIOCPTLSUnicodeRelease|Win32
		{87FDFB8A-4846-45A2-962E-8D4452C7F132}.ServerIOCPMessageIOCPDebug.ActiveCfg = ClientIOCPMessageIOCPTLSUnicodeRelease|Win32
		{87FDFB8A-4846-45A2-962E-8D4452C7F132}.ServerIOCPMessageIOCPDebug.Build.0 = ClientIOCPMessageIOCPTLSUnicodeRelease|Win32
		{87FDFB8A-4846-45A2-962E-8D4452C7F132}.ServerIOCPMessageIOCPTLSDebug.ActiveCfg = ClientIOCPMessageIOCPTLSUnicodeRelease|Win32
		{87FDFB8A-4846-45A2-962E-8D4452C7F132}.ServerIOCPMessageIOCPTLSDebug.Build.0 = ClientIOCPMessageIOCPTLSUnicodeRelease|Win32
		{87FDFB8A-4846-45A2-962E-8D4452C7F132}.ServerIOCPMessageIOCPTLSRelease.ActiveCfg = ClientIOCPMessageIOCPTLSUnicodeRelease|Win32
		{87FDFB8A-4846-45A2-962E-8D4452C7F132}.ServerIOCPMessageIOCPTLSRelease.Build.0 = ClientIOCPMessageIOCPTLSUnicodeRelease|Win32
		{87FDFB8A-4846-45A2-962E-8D4452C7F132}.ServerIOCPMessageIOCPTLSUnicodeRelease.ActiveCfg = ClientIOCPMessageIOCPTLSUnicodeRelease|Win32
		{87FDFB8A-4846-45A2-962E-8D4452C7F132}.ServerIOCPMessageIOCPTLSUnicodeRelease.Build.0 = ClientIOCPMessageIOCPTLSUnicodeRelease|Win32
		{87FDFB8A-4846-45A2-962E-8D4452C7F132}.ServerIOCPRelease.ActiveCfg = ClientIOCPMessageIOCPTLSUnicodeRelease|Win32
		{87FDFB8A-4846-45A2-962E-8D4452C7F132}.ServerIOCPRelease.Build.0 = ClientIOCPMessageIOCPTLSUnicodeRelease|Win32
		{87FDFB8A-4846-45A2-962E-8D4452C7F132}.ServerIOCPUnicodeDebug.ActiveCfg = ClientIOCPMessageIOCPTLSUnicodeRelease|Win32
		{87FDFB8A-4846-45A2-962E-8D4452C7F132}.ServerIOCPUnicodeDebug.Build.0 = ClientIOCPMessageIOCPTLSUnicodeRelease|Win32
		{87FDFB8A-4846-45A2-962E-8D4452C7F132}.ServerMessageIOCPCryptDebug.ActiveCfg = ClientIOCPMessageIOCPTLSUnicodeRelease|Win32
		{87FDFB8A-4846-45A2-962E-8D4452C7F132}.ServerMessageIOCPCryptDebug.Build.0 = ClientIOCPMessageIOCPTLSUnicodeRelease|Win32
		{87FDFB8A-4846-45A2-962E-8D4452C7F132}.UnicodeRelease.ActiveCfg = ClientIOCPMessageIOCPTLSUnicodeRelease|Win32
		{23DDB23F-0CE0-44DC-8D5D-CE40B9D62344}.ClientEventDebug.ActiveCfg = ServerMessageIOCPCryptDebug|Win32
		{23DDB23F-0CE0-44DC-8D5D-CE40B9D62344}.ClientEventDebug.Build.0 = ServerMessageIOCPCryptDebug|Win32
		{23DDB23F-0CE0-44DC-8D5D-CE40B9D62344}.ClientEventRelease.ActiveCfg = ServerMessageIOCPCryptDebug|Win32
		{23DDB23F-0CE0-44DC-8D5D-CE40B9D62344}.ClientEventRelease.Build.0 = ServerMessageIOCPCryptDebug|Win32
		{23DDB23F-0CE0-44DC-8D5D-CE40B9D62344}.ClientIOCPDebug.ActiveCfg = ServerMessageIOCPCryptDebug|Win32
		{23DDB23F-0CE0-44DC-8D5D-CE40B9D62344}.ClientIOCPDebug.Build.0 = ServerMessageIOCPCryptDebug|Win32
		{23DDB23F-0CE0-44DC-8D5D-CE40B9D62344}.ClientIOCPMessageIOCPDebug.ActiveCfg = ServerMessageIOCPCryptDebug|Win32
		{23DDB23F-0CE0-44DC-8D5D-CE40B9D62344}.ClientIOCPMessageIOCPDebug.Build.0 = ServerMessageIOCPCryptDebug|Win32
		{23DDB23F-0CE0-44DC-8D5D-CE40B9D62344}.ClientIOCPMessageIOCPTLSDebug.ActiveCfg = ServerMessageIOCPCryptDebug|Win32
		{23DDB23F-0CE0-44DC-8D5D-CE40B9D62344}.ClientIOCPMessageIOCPTLSDebug.Build.0 = ServerMessageIOCPCryptDebug|Win32
		{23DDB23F-0CE0-44DC-8D5D-CE40B9D62344}.ClientIOCPMessageIOCPTLSRelease.ActiveCfg = ServerMessageIOCPCryptDebug|Win32
		{23DDB23F-0CE0-44DC-8D5D-CE40B9D62344}.ClientIOCPMessageIOCPTLSRelease.Build.0 = ServerMessageIOCPCryptDebug|Win32
		{23DDB23F-0CE0-44DC-8D5D-CE40B9D62344}.ClientIOCPMessageIOCPTLSUnicodeRelease.ActiveCfg = ServerMessageIOCPCryptDebug|Win32
		{23DDB23F-0CE0-44DC-8D5D-CE40B9D62344}.ClientIOCPMessageIOCPTLSUnicodeRelease.Build.0 = ServerMessageIOCPCryptDebug|Win32
		{23DDB23F-0CE0-44DC-8D5D-CE40B9D62344}.ClientIOCPRelease.ActiveCfg = ServerMessageIOCPCryptDebug|Win32
		{23DDB23F-0CE0-44DC-8D5D-CE40B9D62344}.ClientIOCPRelease.Build.0 = ServerMessageIOCPCryptDebug|Win32
		{23DDB23F-0CE0-44DC-8D5D-CE40B9D62344}.ClientIOCPUnicodeDebug.ActiveCfg = ServerMessageIOCPCryptDebug|Win32
		{23DDB23F-0CE0-44DC-8D5D-CE40B9D62344}.ClientIOCPUnicodeDebug.Build.0 = ServerMessageIOCPCryptDebug|Win32
		{23DDB23F-0CE0-44DC-8D5D-CE40B9D62344}.ClientMessageIOCPCryptDebug.ActiveCfg = ServerMessageIOCPCryptDebug|Win32
		{23DDB23F-0CE0-44DC-8D5D-CE40B9D62344}.ClientMessageIOCPCryptDebug.Build.0 = ServerMessageIOCPCryptDebug|Win32
		{23DDB23F-0CE0-44DC-8D5D-CE40B9D62344}.Debug.ActiveCfg = ServerMessageIOCPCryptDebug|Win32
		{23DDB23F-0CE0-44DC-8D5D-CE40B9D62344}.Debug.Build.0 = ServerMessageIOCPCryptDebug|Win32
		{23DDB23F-0CE0-44DC-8D5D-CE40B9D62344}.Release.ActiveCfg = ServerIOCPMessageIOCPTLSUnicodeRelease|Win32
		{23DDB23F-0CE0-44DC-8D5D-CE40B9D62344}.Release.Build.0 = ServerIOCPMessageIOCPTLSUnicodeRelease|Win32
		{23DDB23F-0CE0-44DC-8D5D-CE40B9D62344}.ServerIOCPDebug.ActiveCfg = ServerIOCPDebug|Win32
		{23DDB23F-0CE0-44DC-8D5D-CE40B9D62344}.ServerIOCPDebug.Build.0 = ServerIOCPDebug|Win32
		{23DDB23F-0CE0-44DC-8D5D-CE40B9D62344}.ServerIOCPMessageIOCPDebug.ActiveCfg = ServerIOCPMessageIOCPDebug|Win32
		{23DDB23F-0CE0-44DC-8D5D-CE40B9D62344}.ServerIOCPMessageIOCPDebug.Build.0 = ServerIOCPMessageIOCPDebug|Win32
		{23DDB23F-0CE0-44DC-8D5D-CE40B9D62344}.ServerIOCPMessageIOCPTLSDebug.ActiveCfg = ServerIOCPMessageIOCPTLSDebug|Win32
		{23DDB23F-0CE0-44DC-8D5D-CE40B9D62344}.ServerIOCPMessageIOCPTLSDebug.Build.0 = ServerIOCPMessageIOCPTLSDebug|Win32
		{23DDB23F-0CE0-44DC-8D5D-CE40B9D62344}.ServerIOCPMessageIOCPTLSRelease.ActiveCfg = ServerIOCPMessageIOCPTLSRelease|Win32
		{23DDB23F-0CE0-44DC-8D5D-CE40B9D62344}.ServerIOCPMessageIOCPTLSRelease.Build.0 = ServerIOCPMessageIOCPTLSRelease|Win32
		{23DDB23F-0CE0-44DC-8D5D-CE40B9D62344}.ServerIOCPMessageIOCPTLSUnicodeRelease.ActiveCfg = ServerIOCPMessageIOCPTLSUnicodeRelease|Win32
		{23DDB23F-0CE0-44DC-8D5D-CE40B9D62344}.ServerIOCPMessageIOCPTLSUnicodeRelease.Build.0 = ServerIOCPMessageIOCPTLSUnicodeRelease|Win32
		{23DDB23F-0CE0-44DC-8D5D-CE40B9D62344}.ServerIOCPRelease.ActiveCfg = ServerIOCPRelease|Win32
		{23DDB23F-0CE0-44DC-8D5D-CE40B9D62344}.ServerIOCPRelease.Build.0 = ServerIOCPRelease|Win32
		{23DDB23F-0CE0-44DC-8D5D-CE40B9D62344}.ServerIOCPUnicodeDebug.ActiveCfg = ServerIOCPUnicodeDebug|Win32
		{23DDB23F-0CE0-44DC-8D5D-CE40B9D62344}.ServerIOCPUnicodeDebug.Build.0 = ServerIOCPUnicodeDebug|Win32
		{23DDB23F-0CE0-44DC-8D5D-CE40B9D62344}.ServerMessageIOCPCryptDebug.ActiveCfg = ServerMessageIOCPCryptDebug|Win32
		{23DDB23F-0CE0-44DC-8D5D-CE40B9D62344}.ServerMessageIOCPCryptDebug.Build.0 = ServerMessageIOCPCryptDebug|Win32
		{23DDB23F-0CE0-44DC-8D5D-CE40B9D62344}.UnicodeRelease.ActiveCfg = ServerIOCPMessageIOCPTLSUnicodeRelease|Win32
		{BE15E627-0DAF-420E-AB05-61B9720850FC}.ClientEventDebug.ActiveCfg = Debug|Win32
		{BE15E627-0DAF-420E-AB05-61B9720850FC}.ClientEventDebug.Build.0 = Debug|Win32
		{BE15E627-0DAF-420E-AB05-61B9720850FC}.ClientEventRelease.ActiveCfg = Release|Win32
		{BE15E627-0DAF-420E-AB05-61B9720850FC}.ClientEventRelease.Build.0 = Release|Win32
		{BE15E627-0DAF-420E-AB05-61B9720850FC}.ClientIOCPDebug.ActiveCfg = Debug|Win32
		{BE15E627-0DAF-420E-AB05-61B9720850FC}.ClientIOCPDebug.Build.0 = Debug|Win32
		{BE15E627-0DAF-420E-AB05-61B9720850FC}.ClientIOCPMessageIOCPDebug.ActiveCfg = Debug|Win32
		{BE15E627-0DAF-420E-AB05-61B9720850FC}.ClientIOCPMessageIOCPDebug.Build.0 = Debug|Win32
		{BE15E627-0DAF-420E-AB05-61B9720850FC}.ClientIOCPMessageIOCPTLSDebug.ActiveCfg = Debug|Win32
		{BE15E627-0DAF-420E-AB05-61B9720850FC}.ClientIOCPMessageIOCPTLSDebug.Build.0 = Debug|Win32
		{BE15E627-0DAF-420E-AB05-61B9720850FC}.ClientIOCPMessageIOCPTLSRelease.ActiveCfg = Release|Win32
		{BE15E627-0DAF-420E-AB05-61B9720850FC}.ClientIOCPMessageIOCPTLSRelease.Build.0 = Release|Win32
		{BE15E627-0DAF-420E-AB05-61B9720850FC}.ClientIOCPMessageIOCPTLSUnicodeRelease.ActiveCfg = Release|Win32
		{BE15E627-0DAF-420E-AB05-61B9720850FC}.ClientIOCPMessageIOCPTLSUnicodeRelease.Build.0 = Release|Win32
		{BE15E627-0DAF-420E-AB05-61B9720850FC}.ClientIOCPRelease.ActiveCfg = Release|Win32
		{BE15E627-0DAF-420E-AB05-61B9720850FC}.ClientIOCPRelease.Build.0 = Release|Win32
		{BE15E627-0DAF-420E-AB05-61B9720850FC}.ClientIOCPUnicodeDebug.ActiveCfg = Debug|Win32
		{BE15E627-0DAF-420E-AB05-61B9720850FC}.ClientIOCPUnicodeDebug.Build.0 = Debug|Win32
		{BE15E627-0DAF-420E-AB05-61B9720850FC}.ClientMessageIOCPCryptDebug.ActiveCfg = Debug|Win32
		{BE15E627-0DAF-420E-AB05-61B9720850FC}.ClientMessageIOCPCryptDebug.Build.0 = Debug|Win32
		{BE15E627-0DAF-420E-AB05-61B9720850FC}.Debug.ActiveCfg = Debug|Win32
		{BE15E627-0DAF-420E-AB05-61B9720850FC}.Debug.Build.0 = Debug|Win32
		{BE15E627-0DAF-420E-AB05-61B9720850FC}.Release.ActiveCfg = Release|Win32
		{BE15E627-0DAF-420E-AB05-61B9720850FC}.Release.Build.0 = Release|Win32
		{BE15E627-0DAF-420E-AB05-61B9720850FC}.ServerIOCPDebug.ActiveCfg = Debug|Win32
		{BE15E627-0DAF-420E-AB05-61B9720850FC}.ServerIOCPDebug.Build.0 = Debug|Win32
		{BE15E627-0DAF-420E-AB05-61B9720850FC}.ServerIOCPMessageIOCPDebug.ActiveCfg = Debug|Win32
		{BE15E627-0DAF-420E-AB05-61B9720850FC}.ServerIOCPMessageIOCPDebug.Build.0 = Debug|Win32
		{BE15E627-0DAF-420E-AB05-61B9720850FC}.ServerIOCPMessageIOCPTLSDebug.ActiveCfg = Debug|Win32
		{BE15E627-0DAF-420E-AB05-61B9720850FC}.ServerIOCPMessageIOCPTLSDebug.Build.0 = Debug|Win32
		{BE15E627-0DAF-420E-AB05-61B9720850FC}.ServerIOCPMessageIOCPTLSRelease.ActiveCfg = Release|Win32
		{BE15E627-0DAF-420E-AB05-61B9720850FC}.ServerIOCPMessageIOCPTLSRelease.Build.0 = Release|Win32
		{BE15E627-0DAF-420E-AB05-61B9720850FC}.ServerIOCPMessageIOCPTLSUnicodeRelease.ActiveCfg = Release|Win32
		{BE15E627-0DAF-420E-AB05-61B9720850FC}.ServerIOCPMessageIOCPTLSUnicodeRelease.Build.0 = Release|Win32
		{BE15E627-0DAF-420E-AB05-61B9720850FC}.ServerIOCPRelease.ActiveCfg = Release|Win32
		{BE15E627-0DAF-420E-AB05-61B9720850FC}.ServerIOCPRelease.Build.0 = Release|Win32
		{BE15E627-0DAF-420E-AB05-61B9720850FC}.ServerIOCPUnicodeDebug.ActiveCfg = Debug|Win32
		{BE15E627-0DAF-420E-AB05-61B9720850FC}.ServerIOCPUnicodeDebug.Build.0 = Debug|Win32
		{BE15E627-0DAF-420E-AB05-61B9720850FC}.ServerMessageIOCPCryptDebug.ActiveCfg = Debug|Win32
		{BE15E627-0DAF-420E-AB05-61B9720850FC}.ServerMessageIOCPCryptDebug.Build.0 = Debug|Win32
		{BE15E627-0DAF-420E-AB05-61B9720850FC}.UnicodeRelease.ActiveCfg = Release|Win32
		{BE15E627-0DAF-420E-AB05-61B9720850FC}.UnicodeRelease.Build.0 = Release|Win32
	EndGlobalSection
	GlobalSection(ExtensibilityGlobals) = postSolution
	EndGlobalSection
	GlobalSection(ExtensibilityAddIns) = postSolution
	EndGlobalSection
EndGlobal
