
Microsoft Visual Studio Solution File, Format Version 9.00
# Visual Studio 2005
Project("{8BC9CEB8-8B4A-11D0-8D11-00A0C91BC942}") = "Pick", "..\Pick\Pick_2005.vcproj", "{D3D09117-96D0-4629-88B8-122C0256058C}"
	ProjectSection(ProjectDependencies) = postProject
		{A926B612-3D47-4C8C-A74A-3B8FFB45D1FD} = {A926B612-3D47-4C8C-A74A-3B8FFB45D1FD}
		{6895A2A8-A1A5-46BD-A289-8896430FCB33} = {6895A2A8-A1A5-46BD-A289-8896430FCB33}
		{E0CF097B-F22D-465B-A884-D89E55BD7ECD} = {E0CF097B-F22D-465B-A884-D89E55BD7ECD}
		{E9DE216F-E8ED-4A67-AF3D-B3ED929A69F4} = {E9DE216F-E8ED-4A67-AF3D-B3ED929A69F4}
	EndProjectSection
EndProject
Project("{8BC9CEB8-8B4A-11D0-8D11-00A0C91BC942}") = "DXUTCore", "..\DXUT\Core\DXUTCore_2005.vcproj", "{E0CF097B-F22D-465B-A884-D89E55BD7ECD}"
EndProject
Project("{8BC9CEB8-8B4A-11D0-8D11-00A0C91BC942}") = "DXUTOptional", "..\DXUT\Optional\DXUTOptional_2005.vcproj", "{E9DE216F-E8ED-4A67-AF3D-B3ED929A69F4}"
EndProject
Project("{8BC9CEB8-8B4A-11D0-8D11-00A0C91BC942}") = "mesh", "mesh\mesh-2005.vcproj", "{A926B612-3D47-4C8C-A74A-3B8FFB45D1FD}"
EndProject
Project("{8BC9CEB8-8B4A-11D0-8D11-00A0C91BC942}") = "math", "..\math\math.vcproj", "{6895A2A8-A1A5-46BD-A289-8896430FCB33}"
EndProject
Global
	GlobalSection(SolutionConfigurationPlatforms) = preSolution
		Debug|Win32 = Debug|Win32
		Debug|x64 = Debug|x64
		Keko|Win32 = Keko|Win32
		Keko|x64 = Keko|x64
		Release|Win32 = Release|Win32
		Release|x64 = Release|x64
	EndGlobalSection
	GlobalSection(ProjectConfigurationPlatforms) = postSolution
		{D3D09117-96D0-4629-88B8-122C0256058C}.Debug|Win32.ActiveCfg = Debug|Win32
		{D3D09117-96D0-4629-88B8-122C0256058C}.Debug|Win32.Build.0 = Debug|Win32
		{D3D09117-96D0-4629-88B8-122C0256058C}.Debug|x64.ActiveCfg = Debug|x64
		{D3D09117-96D0-4629-88B8-122C0256058C}.Debug|x64.Build.0 = Debug|x64
		{D3D09117-96D0-4629-88B8-122C0256058C}.Keko|Win32.ActiveCfg = Keko|Win32
		{D3D09117-96D0-4629-88B8-122C0256058C}.Keko|Win32.Build.0 = Keko|Win32
		{D3D09117-96D0-4629-88B8-122C0256058C}.Keko|x64.ActiveCfg = Keko|x64
		{D3D09117-96D0-4629-88B8-122C0256058C}.Keko|x64.Build.0 = Keko|x64
		{D3D09117-96D0-4629-88B8-122C0256058C}.Release|Win32.ActiveCfg = Release|Win32
		{D3D09117-96D0-4629-88B8-122C0256058C}.Release|Win32.Build.0 = Release|Win32
		{D3D09117-96D0-4629-88B8-122C0256058C}.Release|x64.ActiveCfg = Release|x64
		{D3D09117-96D0-4629-88B8-122C0256058C}.Release|x64.Build.0 = Release|x64
		{E0CF097B-F22D-465B-A884-D89E55BD7ECD}.Debug|Win32.ActiveCfg = Debug|Win32
		{E0CF097B-F22D-465B-A884-D89E55BD7ECD}.Debug|Win32.Build.0 = Debug|Win32
		{E0CF097B-F22D-465B-A884-D89E55BD7ECD}.Debug|x64.ActiveCfg = Debug|Win32
		{E0CF097B-F22D-465B-A884-D89E55BD7ECD}.Keko|Win32.ActiveCfg = Keko|Win32
		{E0CF097B-F22D-465B-A884-D89E55BD7ECD}.Keko|Win32.Build.0 = Keko|Win32
		{E0CF097B-F22D-465B-A884-D89E55BD7ECD}.Keko|x64.ActiveCfg = Keko|Win32
		{E0CF097B-F22D-465B-A884-D89E55BD7ECD}.Release|Win32.ActiveCfg = Release|Win32
		{E0CF097B-F22D-465B-A884-D89E55BD7ECD}.Release|Win32.Build.0 = Release|Win32
		{E0CF097B-F22D-465B-A884-D89E55BD7ECD}.Release|x64.ActiveCfg = Release|Win32
		{E9DE216F-E8ED-4A67-AF3D-B3ED929A69F4}.Debug|Win32.ActiveCfg = Debug|Win32
		{E9DE216F-E8ED-4A67-AF3D-B3ED929A69F4}.Debug|Win32.Build.0 = Debug|Win32
		{E9DE216F-E8ED-4A67-AF3D-B3ED929A69F4}.Debug|x64.ActiveCfg = Debug|Win32
		{E9DE216F-E8ED-4A67-AF3D-B3ED929A69F4}.Keko|Win32.ActiveCfg = Keko|Win32
		{E9DE216F-E8ED-4A67-AF3D-B3ED929A69F4}.Keko|Win32.Build.0 = Keko|Win32
		{E9DE216F-E8ED-4A67-AF3D-B3ED929A69F4}.Keko|x64.ActiveCfg = Keko|Win32
		{E9DE216F-E8ED-4A67-AF3D-B3ED929A69F4}.Release|Win32.ActiveCfg = Release|Win32
		{E9DE216F-E8ED-4A67-AF3D-B3ED929A69F4}.Release|Win32.Build.0 = Release|Win32
		{E9DE216F-E8ED-4A67-AF3D-B3ED929A69F4}.Release|x64.ActiveCfg = Release|Win32
		{A926B612-3D47-4C8C-A74A-3B8FFB45D1FD}.Debug|Win32.ActiveCfg = Debug|Win32
		{A926B612-3D47-4C8C-A74A-3B8FFB45D1FD}.Debug|Win32.Build.0 = Debug|Win32
		{A926B612-3D47-4C8C-A74A-3B8FFB45D1FD}.Debug|x64.ActiveCfg = Debug|Win32
		{A926B612-3D47-4C8C-A74A-3B8FFB45D1FD}.Keko|Win32.ActiveCfg = Keko|Win32
		{A926B612-3D47-4C8C-A74A-3B8FFB45D1FD}.Keko|Win32.Build.0 = Keko|Win32
		{A926B612-3D47-4C8C-A74A-3B8FFB45D1FD}.Keko|x64.ActiveCfg = Keko|Win32
		{A926B612-3D47-4C8C-A74A-3B8FFB45D1FD}.Release|Win32.ActiveCfg = Release|Win32
		{A926B612-3D47-4C8C-A74A-3B8FFB45D1FD}.Release|Win32.Build.0 = Release|Win32
		{A926B612-3D47-4C8C-A74A-3B8FFB45D1FD}.Release|x64.ActiveCfg = Release|Win32
		{6895A2A8-A1A5-46BD-A289-8896430FCB33}.Debug|Win32.ActiveCfg = Debug|Win32
		{6895A2A8-A1A5-46BD-A289-8896430FCB33}.Debug|Win32.Build.0 = Debug|Win32
		{6895A2A8-A1A5-46BD-A289-8896430FCB33}.Debug|x64.ActiveCfg = Debug|Win32
		{6895A2A8-A1A5-46BD-A289-8896430FCB33}.Keko|Win32.ActiveCfg = Keko|Win32
		{6895A2A8-A1A5-46BD-A289-8896430FCB33}.Keko|Win32.Build.0 = Keko|Win32
		{6895A2A8-A1A5-46BD-A289-8896430FCB33}.Keko|x64.ActiveCfg = Keko|Win32
		{6895A2A8-A1A5-46BD-A289-8896430FCB33}.Release|Win32.ActiveCfg = Release|Win32
		{6895A2A8-A1A5-46BD-A289-8896430FCB33}.Release|Win32.Build.0 = Release|Win32
		{6895A2A8-A1A5-46BD-A289-8896430FCB33}.Release|x64.ActiveCfg = Release|Win32
	EndGlobalSection
	GlobalSection(SolutionProperties) = preSolution
		HideSolutionNode = FALSE
	EndGlobalSection
EndGlobal
